
Microsoft Visual Studio Solution File, Format Version 12.00
# Visual Studio 14
VisualStudioVersion = 14.0.25420.1
MinimumVisualStudioVersion = 10.0.40219.1
Project("{8BC9CEB8-8B4A-11D0-8D11-00A0C91BC942}") = "pkgread", "pkgread\pkgread.vcxproj", "{A7753282-AA16-43D9-8ACA-7065239DD702}"
EndProject
Project("{8BC9CEB8-8B4A-11D0-8D11-00A0C91BC942}") = "pkgmgr", "pkgmgr\pkgmgr.vcxproj", "{8EAC0230-4990-4E41-8E0F-D641D1561396}"
EndProject
Project("{8BC9CEB8-8B4A-11D0-8D11-00A0C91BC942}") = "notice", "notice\notice.vcxproj", "{798ED492-EECE-457D-8FD8-129DA93CE126}"
EndProject
Project("{FAE04EC0-301F-11D3-BF4B-00C04F79EFBC}") = "PriFile", "PriFileFormat\PriFile.csproj", "{EF4012D4-EF08-499C-B803-177739350B2D}"
EndProject
Project("{8BC9CEB8-8B4A-11D0-8D11-00A0C91BC942}") = "certmgr", "certmgr\certmgr.vcxproj", "{E04CCAB9-35DB-495C-A279-5B483C707CD0}"
EndProject
Project("{8BC9CEB8-8B4A-11D0-8D11-00A0C91BC942}") = "appinstaller", "appinstaller\appinstaller.vcxproj", "{F0C84812-0CDF-4AA0-A0F8-F37AC833F39B}"
	ProjectSection(ProjectDependencies) = postProject
		{8EAC0230-4990-4E41-8E0F-D641D1561396} = {8EAC0230-4990-4E41-8E0F-D641D1561396}
		{33D91B58-1981-4A3C-B4D1-86EE406CDE12} = {33D91B58-1981-4A3C-B4D1-86EE406CDE12}
		{A7753282-AA16-43D9-8ACA-7065239DD702} = {A7753282-AA16-43D9-8ACA-7065239DD702}
		{798ED492-EECE-457D-8FD8-129DA93CE126} = {798ED492-EECE-457D-8FD8-129DA93CE126}
		{E04CCAB9-35DB-495C-A279-5B483C707CD0} = {E04CCAB9-35DB-495C-A279-5B483C707CD0}
		{EF4012D4-EF08-499C-B803-177739350B2D} = {EF4012D4-EF08-499C-B803-177739350B2D}
	EndProjectSection
EndProject
Project("{8BC9CEB8-8B4A-11D0-8D11-00A0C91BC942}") = "settings", "settings\settings.vcxproj", "{AD25497F-A15F-4DFF-AC7A-B8ABF5F411D6}"
	ProjectSection(ProjectDependencies) = postProject
		{3AE2A022-ED83-41F1-948A-12A7593CBD00} = {3AE2A022-ED83-41F1-948A-12A7593CBD00}
	EndProjectSection
EndProject
Project("{8BC9CEB8-8B4A-11D0-8D11-00A0C91BC942}") = "reslib", "reslib\reslib.vcxproj", "{3AE2A022-ED83-41F1-948A-12A7593CBD00}"
EndProject
Project("{8BC9CEB8-8B4A-11D0-8D11-00A0C91BC942}") = "shortcut", "shortcut\shortcut.vcxproj", "{18E0189B-F3F1-4CB2-A3AF-5606ADD5E279}"
	ProjectSection(ProjectDependencies) = postProject
		{798ED492-EECE-457D-8FD8-129DA93CE126} = {798ED492-EECE-457D-8FD8-129DA93CE126}
	EndProjectSection
EndProject
Project("{8BC9CEB8-8B4A-11D0-8D11-00A0C91BC942}") = "desktopini", "desktopini\desktopini.vcxproj", "{7A05E943-6E0A-4F57-8BD7-BE90F44DCAD7}"
EndProject
Project("{8BC9CEB8-8B4A-11D0-8D11-00A0C91BC942}") = "priformatcli", "priformatcli\priformatcli.vcxproj", "{33D91B58-1981-4A3C-B4D1-86EE406CDE12}"
	ProjectSection(ProjectDependencies) = postProject
		{EF4012D4-EF08-499C-B803-177739350B2D} = {EF4012D4-EF08-499C-B803-177739350B2D}
	EndProjectSection
EndProject
Project("{FAE04EC0-301F-11D3-BF4B-00C04F79EFBC}") = "Update", "Update\Update.csproj", "{512BF866-1AA0-4169-A7D6-D2776B5D731E}"
EndProject
Project("{FAE04EC0-301F-11D3-BF4B-00C04F79EFBC}") = "PrivateInit", "PrivateInit\PrivateInit.csproj", "{8E708D9A-6325-4AA9-B5A5-D1B5ECA8EEF7}"
EndProject
Project("{FAE04EC0-301F-11D3-BF4B-00C04F79EFBC}") = "AppxPackage", "AppxPackage\AppxPackage.csproj", "{BD681A4F-EB60-4BB8-90B5-65968FC7DA59}"
	ProjectSection(ProjectDependencies) = postProject
		{8EAC0230-4990-4E41-8E0F-D641D1561396} = {8EAC0230-4990-4E41-8E0F-D641D1561396}
		{33D91B58-1981-4A3C-B4D1-86EE406CDE12} = {33D91B58-1981-4A3C-B4D1-86EE406CDE12}
		{A7753282-AA16-43D9-8ACA-7065239DD702} = {A7753282-AA16-43D9-8ACA-7065239DD702}
		{EF4012D4-EF08-499C-B803-177739350B2D} = {EF4012D4-EF08-499C-B803-177739350B2D}
	EndProjectSection
EndProject
Project("{FAE04EC0-301F-11D3-BF4B-00C04F79EFBC}") = "DataUtils", "DataUtils\DataUtils.csproj", "{FFD3FD52-37A8-4F43-883C-DE8D996CB0E0}"
EndProject
Project("{FAE04EC0-301F-11D3-BF4B-00C04F79EFBC}") = "Bridge", "Bridge\Bridge.csproj", "{3C2F5446-33F0-41D5-813A-64A94AA474AF}"
EndProject
Project("{FAE04EC0-301F-11D3-BF4B-00C04F79EFBC}") = "WAShell", "WAShell\WAShell.csproj", "{4EC16578-EFBF-41E6-8D7F-976E3646DD1D}"
EndProject
Project("{FAE04EC0-301F-11D3-BF4B-00C04F79EFBC}") = "Manager", "Manager\Manager.csproj", "{DC074727-72E4-43C5-BAAF-E0D548104797}"
	ProjectSection(ProjectDependencies) = postProject
		{3AE2A022-ED83-41F1-948A-12A7593CBD00} = {3AE2A022-ED83-41F1-948A-12A7593CBD00}
	EndProjectSection
EndProject
Project("{8BC9CEB8-8B4A-11D0-8D11-00A0C91BC942}") = "IEHelper", "IEHelper\IEHelper.vcxproj", "{E4CA78A9-9408-4F5F-ADD6-730FD501FF8E}"
EndProject
Project("{FAE04EC0-301F-11D3-BF4B-00C04F79EFBC}") = "ModernNotice", "ModernNotice\ModernNotice.csproj", "{C5587B6E-19C4-4484-AA97-5C20FBB07E43}"
EndProject
Project("{FAE04EC0-301F-11D3-BF4B-00C04F79EFBC}") = "Launch", "Launch\Launch.csproj", "{F0288B24-7B84-42A5-9A92-2E16A012E4DE}"
EndProject
Global
	GlobalSection(SolutionConfigurationPlatforms) = preSolution
		Debug|Any CPU = Debug|Any CPU
		Debug|x64 = Debug|x64
		Debug|x86 = Debug|x86
		Release|Any CPU = Release|Any CPU
		Release|x64 = Release|x64
		Release|x86 = Release|x86
	EndGlobalSection
	GlobalSection(ProjectConfigurationPlatforms) = postSolution
		{A7753282-AA16-43D9-8ACA-7065239DD702}.Debug|Any CPU.ActiveCfg = Debug|Win32
		{A7753282-AA16-43D9-8ACA-7065239DD702}.Debug|x64.ActiveCfg = Debug|x64
		{A7753282-AA16-43D9-8ACA-7065239DD702}.Debug|x64.Build.0 = Debug|x64
		{A7753282-AA16-43D9-8ACA-7065239DD702}.Debug|x86.ActiveCfg = Debug|Win32
		{A7753282-AA16-43D9-8ACA-7065239DD702}.Debug|x86.Build.0 = Debug|Win32
		{A7753282-AA16-43D9-8ACA-7065239DD702}.Release|Any CPU.ActiveCfg = Release|Win32
		{A7753282-AA16-43D9-8ACA-7065239DD702}.Release|x64.ActiveCfg = Release|x64
		{A7753282-AA16-43D9-8ACA-7065239DD702}.Release|x64.Build.0 = Release|x64
		{A7753282-AA16-43D9-8ACA-7065239DD702}.Release|x86.ActiveCfg = Release|Win32
		{A7753282-AA16-43D9-8ACA-7065239DD702}.Release|x86.Build.0 = Release|Win32
		{8EAC0230-4990-4E41-8E0F-D641D1561396}.Debug|Any CPU.ActiveCfg = Debug|Win32
		{8EAC0230-4990-4E41-8E0F-D641D1561396}.Debug|x64.ActiveCfg = Debug|Win32
		{8EAC0230-4990-4E41-8E0F-D641D1561396}.Debug|x86.ActiveCfg = Debug|Win32
		{8EAC0230-4990-4E41-8E0F-D641D1561396}.Debug|x86.Build.0 = Debug|Win32
		{8EAC0230-4990-4E41-8E0F-D641D1561396}.Release|Any CPU.ActiveCfg = Release|Win32
		{8EAC0230-4990-4E41-8E0F-D641D1561396}.Release|x64.ActiveCfg = Release|Win32
		{8EAC0230-4990-4E41-8E0F-D641D1561396}.Release|x86.ActiveCfg = Release|Win32
		{8EAC0230-4990-4E41-8E0F-D641D1561396}.Release|x86.Build.0 = Release|Win32
		{798ED492-EECE-457D-8FD8-129DA93CE126}.Debug|Any CPU.ActiveCfg = Debug|Win32
		{798ED492-EECE-457D-8FD8-129DA93CE126}.Debug|x64.ActiveCfg = Debug|Win32
		{798ED492-EECE-457D-8FD8-129DA93CE126}.Debug|x86.ActiveCfg = Debug|Win32
		{798ED492-EECE-457D-8FD8-129DA93CE126}.Debug|x86.Build.0 = Debug|Win32
		{798ED492-EECE-457D-8FD8-129DA93CE126}.Release|Any CPU.ActiveCfg = Release|Win32
		{798ED492-EECE-457D-8FD8-129DA93CE126}.Release|x64.ActiveCfg = Release|Win32
		{798ED492-EECE-457D-8FD8-129DA93CE126}.Release|x86.ActiveCfg = Release|Win32
		{798ED492-EECE-457D-8FD8-129DA93CE126}.Release|x86.Build.0 = Release|Win32
		{EF4012D4-EF08-499C-B803-177739350B2D}.Debug|Any CPU.ActiveCfg = Debug|Any CPU
		{EF4012D4-EF08-499C-B803-177739350B2D}.Debug|Any CPU.Build.0 = Debug|Any CPU
		{EF4012D4-EF08-499C-B803-177739350B2D}.Debug|x64.ActiveCfg = Debug|Any CPU
		{EF4012D4-EF08-499C-B803-177739350B2D}.Debug|x64.Build.0 = Debug|Any CPU
		{EF4012D4-EF08-499C-B803-177739350B2D}.Debug|x86.ActiveCfg = Debug|Any CPU
		{EF4012D4-EF08-499C-B803-177739350B2D}.Debug|x86.Build.0 = Debug|Any CPU
		{EF4012D4-EF08-499C-B803-177739350B2D}.Release|Any CPU.ActiveCfg = Release|Any CPU
		{EF4012D4-EF08-499C-B803-177739350B2D}.Release|Any CPU.Build.0 = Release|Any CPU
		{EF4012D4-EF08-499C-B803-177739350B2D}.Release|x64.ActiveCfg = Release|Any CPU
		{EF4012D4-EF08-499C-B803-177739350B2D}.Release|x64.Build.0 = Release|Any CPU
		{EF4012D4-EF08-499C-B803-177739350B2D}.Release|x86.ActiveCfg = Release|Any CPU
		{EF4012D4-EF08-499C-B803-177739350B2D}.Release|x86.Build.0 = Release|Any CPU
		{E04CCAB9-35DB-495C-A279-5B483C707CD0}.Debug|Any CPU.ActiveCfg = Debug|Win32
		{E04CCAB9-35DB-495C-A279-5B483C707CD0}.Debug|x64.ActiveCfg = Debug|x64
		{E04CCAB9-35DB-495C-A279-5B483C707CD0}.Debug|x64.Build.0 = Debug|x64
		{E04CCAB9-35DB-495C-A279-5B483C707CD0}.Debug|x86.ActiveCfg = Debug|Win32
		{E04CCAB9-35DB-495C-A279-5B483C707CD0}.Debug|x86.Build.0 = Debug|Win32
		{E04CCAB9-35DB-495C-A279-5B483C707CD0}.Release|Any CPU.ActiveCfg = Release|Win32
		{E04CCAB9-35DB-495C-A279-5B483C707CD0}.Release|x64.ActiveCfg = Release|x64
		{E04CCAB9-35DB-495C-A279-5B483C707CD0}.Release|x64.Build.0 = Release|x64
		{E04CCAB9-35DB-495C-A279-5B483C707CD0}.Release|x86.ActiveCfg = Release|Win32
		{E04CCAB9-35DB-495C-A279-5B483C707CD0}.Release|x86.Build.0 = Release|Win32
		{F0C84812-0CDF-4AA0-A0F8-F37AC833F39B}.Debug|Any CPU.ActiveCfg = Debug|Win32
		{F0C84812-0CDF-4AA0-A0F8-F37AC833F39B}.Debug|x64.ActiveCfg = Debug|x64
		{F0C84812-0CDF-4AA0-A0F8-F37AC833F39B}.Debug|x64.Build.0 = Debug|x64
		{F0C84812-0CDF-4AA0-A0F8-F37AC833F39B}.Debug|x86.ActiveCfg = Debug|Win32
		{F0C84812-0CDF-4AA0-A0F8-F37AC833F39B}.Debug|x86.Build.0 = Debug|Win32
		{F0C84812-0CDF-4AA0-A0F8-F37AC833F39B}.Release|Any CPU.ActiveCfg = Release|Win32
		{F0C84812-0CDF-4AA0-A0F8-F37AC833F39B}.Release|x64.ActiveCfg = Release|x64
		{F0C84812-0CDF-4AA0-A0F8-F37AC833F39B}.Release|x64.Build.0 = Release|x64
		{F0C84812-0CDF-4AA0-A0F8-F37AC833F39B}.Release|x86.ActiveCfg = Release|Win32
		{F0C84812-0CDF-4AA0-A0F8-F37AC833F39B}.Release|x86.Build.0 = Release|Win32
		{AD25497F-A15F-4DFF-AC7A-B8ABF5F411D6}.Debug|Any CPU.ActiveCfg = Debug|Win32
		{AD25497F-A15F-4DFF-AC7A-B8ABF5F411D6}.Debug|x64.ActiveCfg = Debug|x64
		{AD25497F-A15F-4DFF-AC7A-B8ABF5F411D6}.Debug|x64.Build.0 = Debug|x64
		{AD25497F-A15F-4DFF-AC7A-B8ABF5F411D6}.Debug|x86.ActiveCfg = Debug|Win32
		{AD25497F-A15F-4DFF-AC7A-B8ABF5F411D6}.Debug|x86.Build.0 = Debug|Win32
		{AD25497F-A15F-4DFF-AC7A-B8ABF5F411D6}.Release|Any CPU.ActiveCfg = Release|Win32
		{AD25497F-A15F-4DFF-AC7A-B8ABF5F411D6}.Release|x64.ActiveCfg = Release|x64
		{AD25497F-A15F-4DFF-AC7A-B8ABF5F411D6}.Release|x64.Build.0 = Release|x64
		{AD25497F-A15F-4DFF-AC7A-B8ABF5F411D6}.Release|x86.ActiveCfg = Release|Win32
		{AD25497F-A15F-4DFF-AC7A-B8ABF5F411D6}.Release|x86.Build.0 = Release|Win32
		{3AE2A022-ED83-41F1-948A-12A7593CBD00}.Debug|Any CPU.ActiveCfg = Debug|Win32
		{3AE2A022-ED83-41F1-948A-12A7593CBD00}.Debug|x64.ActiveCfg = Debug|x64
		{3AE2A022-ED83-41F1-948A-12A7593CBD00}.Debug|x64.Build.0 = Debug|x64
		{3AE2A022-ED83-41F1-948A-12A7593CBD00}.Debug|x86.ActiveCfg = Debug|Win32
		{3AE2A022-ED83-41F1-948A-12A7593CBD00}.Debug|x86.Build.0 = Debug|Win32
		{3AE2A022-ED83-41F1-948A-12A7593CBD00}.Release|Any CPU.ActiveCfg = Release|Win32
		{3AE2A022-ED83-41F1-948A-12A7593CBD00}.Release|x64.ActiveCfg = Release|x64
		{3AE2A022-ED83-41F1-948A-12A7593CBD00}.Release|x64.Build.0 = Release|x64
		{3AE2A022-ED83-41F1-948A-12A7593CBD00}.Release|x86.ActiveCfg = Release|Win32
		{3AE2A022-ED83-41F1-948A-12A7593CBD00}.Release|x86.Build.0 = Release|Win32
		{18E0189B-F3F1-4CB2-A3AF-5606ADD5E279}.Debug|Any CPU.ActiveCfg = Debug|Win32
		{18E0189B-F3F1-4CB2-A3AF-5606ADD5E279}.Debug|x64.ActiveCfg = Debug|x64
		{18E0189B-F3F1-4CB2-A3AF-5606ADD5E279}.Debug|x64.Build.0 = Debug|x64
		{18E0189B-F3F1-4CB2-A3AF-5606ADD5E279}.Debug|x86.ActiveCfg = Debug|Win32
		{18E0189B-F3F1-4CB2-A3AF-5606ADD5E279}.Debug|x86.Build.0 = Debug|Win32
		{18E0189B-F3F1-4CB2-A3AF-5606ADD5E279}.Release|Any CPU.ActiveCfg = Release|Win32
		{18E0189B-F3F1-4CB2-A3AF-5606ADD5E279}.Release|x64.ActiveCfg = Release|x64
		{18E0189B-F3F1-4CB2-A3AF-5606ADD5E279}.Release|x64.Build.0 = Release|x64
		{18E0189B-F3F1-4CB2-A3AF-5606ADD5E279}.Release|x86.ActiveCfg = Release|Win32
		{18E0189B-F3F1-4CB2-A3AF-5606ADD5E279}.Release|x86.Build.0 = Release|Win32
		{7A05E943-6E0A-4F57-8BD7-BE90F44DCAD7}.Debug|Any CPU.ActiveCfg = Debug|Win32
		{7A05E943-6E0A-4F57-8BD7-BE90F44DCAD7}.Debug|x64.ActiveCfg = Debug|x64
		{7A05E943-6E0A-4F57-8BD7-BE90F44DCAD7}.Debug|x64.Build.0 = Debug|x64
		{7A05E943-6E0A-4F57-8BD7-BE90F44DCAD7}.Debug|x86.ActiveCfg = Debug|Win32
		{7A05E943-6E0A-4F57-8BD7-BE90F44DCAD7}.Debug|x86.Build.0 = Debug|Win32
		{7A05E943-6E0A-4F57-8BD7-BE90F44DCAD7}.Release|Any CPU.ActiveCfg = Release|Win32
		{7A05E943-6E0A-4F57-8BD7-BE90F44DCAD7}.Release|x64.ActiveCfg = Release|x64
		{7A05E943-6E0A-4F57-8BD7-BE90F44DCAD7}.Release|x64.Build.0 = Release|x64
		{7A05E943-6E0A-4F57-8BD7-BE90F44DCAD7}.Release|x86.ActiveCfg = Release|Win32
		{7A05E943-6E0A-4F57-8BD7-BE90F44DCAD7}.Release|x86.Build.0 = Release|Win32
		{33D91B58-1981-4A3C-B4D1-86EE406CDE12}.Debug|Any CPU.ActiveCfg = Debug|Win32
		{33D91B58-1981-4A3C-B4D1-86EE406CDE12}.Debug|x64.ActiveCfg = Debug|x64
		{33D91B58-1981-4A3C-B4D1-86EE406CDE12}.Debug|x64.Build.0 = Debug|x64
		{33D91B58-1981-4A3C-B4D1-86EE406CDE12}.Debug|x86.ActiveCfg = Debug|Win32
		{33D91B58-1981-4A3C-B4D1-86EE406CDE12}.Debug|x86.Build.0 = Debug|Win32
		{33D91B58-1981-4A3C-B4D1-86EE406CDE12}.Release|Any CPU.ActiveCfg = Release|Win32
		{33D91B58-1981-4A3C-B4D1-86EE406CDE12}.Release|x64.ActiveCfg = Release|x64
		{33D91B58-1981-4A3C-B4D1-86EE406CDE12}.Release|x64.Build.0 = Release|x64
		{33D91B58-1981-4A3C-B4D1-86EE406CDE12}.Release|x86.ActiveCfg = Release|Win32
		{33D91B58-1981-4A3C-B4D1-86EE406CDE12}.Release|x86.Build.0 = Release|Win32
		{512BF866-1AA0-4169-A7D6-D2776B5D731E}.Debug|Any CPU.ActiveCfg = Debug|Any CPU
		{512BF866-1AA0-4169-A7D6-D2776B5D731E}.Debug|Any CPU.Build.0 = Debug|Any CPU
		{512BF866-1AA0-4169-A7D6-D2776B5D731E}.Debug|x64.ActiveCfg = Debug|Any CPU
		{512BF866-1AA0-4169-A7D6-D2776B5D731E}.Debug|x64.Build.0 = Debug|Any CPU
		{512BF866-1AA0-4169-A7D6-D2776B5D731E}.Debug|x86.ActiveCfg = Debug|Any CPU
		{512BF866-1AA0-4169-A7D6-D2776B5D731E}.Debug|x86.Build.0 = Debug|Any CPU
		{512BF866-1AA0-4169-A7D6-D2776B5D731E}.Release|Any CPU.ActiveCfg = Release|Any CPU
		{512BF866-1AA0-4169-A7D6-D2776B5D731E}.Release|Any CPU.Build.0 = Release|Any CPU
		{512BF866-1AA0-4169-A7D6-D2776B5D731E}.Release|x64.ActiveCfg = Release|Any CPU
		{512BF866-1AA0-4169-A7D6-D2776B5D731E}.Release|x64.Build.0 = Release|Any CPU
		{512BF866-1AA0-4169-A7D6-D2776B5D731E}.Release|x86.ActiveCfg = Release|Any CPU
		{512BF866-1AA0-4169-A7D6-D2776B5D731E}.Release|x86.Build.0 = Release|Any CPU
		{8E708D9A-6325-4AA9-B5A5-D1B5ECA8EEF7}.Debug|Any CPU.ActiveCfg = Debug|Any CPU
		{8E708D9A-6325-4AA9-B5A5-D1B5ECA8EEF7}.Debug|Any CPU.Build.0 = Debug|Any CPU
		{8E708D9A-6325-4AA9-B5A5-D1B5ECA8EEF7}.Debug|x64.ActiveCfg = Debug|Any CPU
		{8E708D9A-6325-4AA9-B5A5-D1B5ECA8EEF7}.Debug|x64.Build.0 = Debug|Any CPU
		{8E708D9A-6325-4AA9-B5A5-D1B5ECA8EEF7}.Debug|x86.ActiveCfg = Debug|Any CPU
		{8E708D9A-6325-4AA9-B5A5-D1B5ECA8EEF7}.Debug|x86.Build.0 = Debug|Any CPU
		{8E708D9A-6325-4AA9-B5A5-D1B5ECA8EEF7}.Release|Any CPU.ActiveCfg = Release|Any CPU
		{8E708D9A-6325-4AA9-B5A5-D1B5ECA8EEF7}.Release|Any CPU.Build.0 = Release|Any CPU
		{8E708D9A-6325-4AA9-B5A5-D1B5ECA8EEF7}.Release|x64.ActiveCfg = Release|Any CPU
		{8E708D9A-6325-4AA9-B5A5-D1B5ECA8EEF7}.Release|x64.Build.0 = Release|Any CPU
		{8E708D9A-6325-4AA9-B5A5-D1B5ECA8EEF7}.Release|x86.ActiveCfg = Release|Any CPU
		{8E708D9A-6325-4AA9-B5A5-D1B5ECA8EEF7}.Release|x86.Build.0 = Release|Any CPU
		{BD681A4F-EB60-4BB8-90B5-65968FC7DA59}.Debug|Any CPU.ActiveCfg = Debug|Any CPU
		{BD681A4F-EB60-4BB8-90B5-65968FC7DA59}.Debug|Any CPU.Build.0 = Debug|Any CPU
		{BD681A4F-EB60-4BB8-90B5-65968FC7DA59}.Debug|x64.ActiveCfg = Debug|Any CPU
		{BD681A4F-EB60-4BB8-90B5-65968FC7DA59}.Debug|x64.Build.0 = Debug|Any CPU
		{BD681A4F-EB60-4BB8-90B5-65968FC7DA59}.Debug|x86.ActiveCfg = Debug|x86
		{BD681A4F-EB60-4BB8-90B5-65968FC7DA59}.Debug|x86.Build.0 = Debug|x86
		{BD681A4F-EB60-4BB8-90B5-65968FC7DA59}.Release|Any CPU.ActiveCfg = Release|Any CPU
		{BD681A4F-EB60-4BB8-90B5-65968FC7DA59}.Release|Any CPU.Build.0 = Release|Any CPU
		{BD681A4F-EB60-4BB8-90B5-65968FC7DA59}.Release|x64.ActiveCfg = Release|Any CPU
		{BD681A4F-EB60-4BB8-90B5-65968FC7DA59}.Release|x64.Build.0 = Release|Any CPU
		{BD681A4F-EB60-4BB8-90B5-65968FC7DA59}.Release|x86.ActiveCfg = Release|x86
		{BD681A4F-EB60-4BB8-90B5-65968FC7DA59}.Release|x86.Build.0 = Release|x86
		{FFD3FD52-37A8-4F43-883C-DE8D996CB0E0}.Debug|Any CPU.ActiveCfg = Debug|Any CPU
		{FFD3FD52-37A8-4F43-883C-DE8D996CB0E0}.Debug|Any CPU.Build.0 = Debug|Any CPU
		{FFD3FD52-37A8-4F43-883C-DE8D996CB0E0}.Debug|x64.ActiveCfg = Debug|Any CPU
		{FFD3FD52-37A8-4F43-883C-DE8D996CB0E0}.Debug|x64.Build.0 = Debug|Any CPU
		{FFD3FD52-37A8-4F43-883C-DE8D996CB0E0}.Debug|x86.ActiveCfg = Debug|Any CPU
		{FFD3FD52-37A8-4F43-883C-DE8D996CB0E0}.Debug|x86.Build.0 = Debug|Any CPU
		{FFD3FD52-37A8-4F43-883C-DE8D996CB0E0}.Release|Any CPU.ActiveCfg = Release|Any CPU
		{FFD3FD52-37A8-4F43-883C-DE8D996CB0E0}.Release|Any CPU.Build.0 = Release|Any CPU
		{FFD3FD52-37A8-4F43-883C-DE8D996CB0E0}.Release|x64.ActiveCfg = Release|Any CPU
		{FFD3FD52-37A8-4F43-883C-DE8D996CB0E0}.Release|x64.Build.0 = Release|Any CPU
		{FFD3FD52-37A8-4F43-883C-DE8D996CB0E0}.Release|x86.ActiveCfg = Release|Any CPU
		{FFD3FD52-37A8-4F43-883C-DE8D996CB0E0}.Release|x86.Build.0 = Release|Any CPU
		{3C2F5446-33F0-41D5-813A-64A94AA474AF}.Debug|Any CPU.ActiveCfg = Debug|Any CPU
		{3C2F5446-33F0-41D5-813A-64A94AA474AF}.Debug|Any CPU.Build.0 = Debug|Any CPU
		{3C2F5446-33F0-41D5-813A-64A94AA474AF}.Debug|x64.ActiveCfg = Debug|Any CPU
		{3C2F5446-33F0-41D5-813A-64A94AA474AF}.Debug|x64.Build.0 = Debug|Any CPU
		{3C2F5446-33F0-41D5-813A-64A94AA474AF}.Debug|x86.ActiveCfg = Debug|Any CPU
		{3C2F5446-33F0-41D5-813A-64A94AA474AF}.Debug|x86.Build.0 = Debug|Any CPU
		{3C2F5446-33F0-41D5-813A-64A94AA474AF}.Release|Any CPU.ActiveCfg = Release|Any CPU
		{3C2F5446-33F0-41D5-813A-64A94AA474AF}.Release|Any CPU.Build.0 = Release|Any CPU
		{3C2F5446-33F0-41D5-813A-64A94AA474AF}.Release|x64.ActiveCfg = Release|Any CPU
		{3C2F5446-33F0-41D5-813A-64A94AA474AF}.Release|x64.Build.0 = Release|Any CPU
		{3C2F5446-33F0-41D5-813A-64A94AA474AF}.Release|x86.ActiveCfg = Release|Any CPU
		{3C2F5446-33F0-41D5-813A-64A94AA474AF}.Release|x86.Build.0 = Release|Any CPU
		{4EC16578-EFBF-41E6-8D7F-976E3646DD1D}.Debug|Any CPU.ActiveCfg = Debug|Any CPU
		{4EC16578-EFBF-41E6-8D7F-976E3646DD1D}.Debug|Any CPU.Build.0 = Debug|Any CPU
		{4EC16578-EFBF-41E6-8D7F-976E3646DD1D}.Debug|x64.ActiveCfg = Debug|Any CPU
		{4EC16578-EFBF-41E6-8D7F-976E3646DD1D}.Debug|x64.Build.0 = Debug|Any CPU
		{4EC16578-EFBF-41E6-8D7F-976E3646DD1D}.Debug|x86.ActiveCfg = Debug|Any CPU
		{4EC16578-EFBF-41E6-8D7F-976E3646DD1D}.Debug|x86.Build.0 = Debug|Any CPU
		{4EC16578-EFBF-41E6-8D7F-976E3646DD1D}.Release|Any CPU.ActiveCfg = Release|Any CPU
		{4EC16578-EFBF-41E6-8D7F-976E3646DD1D}.Release|Any CPU.Build.0 = Release|Any CPU
		{4EC16578-EFBF-41E6-8D7F-976E3646DD1D}.Release|x64.ActiveCfg = Release|Any CPU
		{4EC16578-EFBF-41E6-8D7F-976E3646DD1D}.Release|x64.Build.0 = Release|Any CPU
		{4EC16578-EFBF-41E6-8D7F-976E3646DD1D}.Release|x86.ActiveCfg = Release|Any CPU
		{4EC16578-EFBF-41E6-8D7F-976E3646DD1D}.Release|x86.Build.0 = Release|Any CPU
		{DC074727-72E4-43C5-BAAF-E0D548104797}.Debug|Any CPU.ActiveCfg = Debug|Any CPU
		{DC074727-72E4-43C5-BAAF-E0D548104797}.Debug|Any CPU.Build.0 = Debug|Any CPU
		{DC074727-72E4-43C5-BAAF-E0D548104797}.Debug|x64.ActiveCfg = Debug|Any CPU
		{DC074727-72E4-43C5-BAAF-E0D548104797}.Debug|x64.Build.0 = Debug|Any CPU
		{DC074727-72E4-43C5-BAAF-E0D548104797}.Debug|x86.ActiveCfg = Debug|Any CPU
		{DC074727-72E4-43C5-BAAF-E0D548104797}.Debug|x86.Build.0 = Debug|Any CPU
		{DC074727-72E4-43C5-BAAF-E0D548104797}.Release|Any CPU.ActiveCfg = Release|Any CPU
		{DC074727-72E4-43C5-BAAF-E0D548104797}.Release|Any CPU.Build.0 = Release|Any CPU
		{DC074727-72E4-43C5-BAAF-E0D548104797}.Release|x64.ActiveCfg = Release|Any CPU
		{DC074727-72E4-43C5-BAAF-E0D548104797}.Release|x64.Build.0 = Release|Any CPU
		{DC074727-72E4-43C5-BAAF-E0D548104797}.Release|x86.ActiveCfg = Release|Any CPU
		{DC074727-72E4-43C5-BAAF-E0D548104797}.Release|x86.Build.0 = Release|Any CPU
		{E4CA78A9-9408-4F5F-ADD6-730FD501FF8E}.Debug|Any CPU.ActiveCfg = Debug|Win32
		{E4CA78A9-9408-4F5F-ADD6-730FD501FF8E}.Debug|x64.ActiveCfg = Debug|x64
		{E4CA78A9-9408-4F5F-ADD6-730FD501FF8E}.Debug|x64.Build.0 = Debug|x64
		{E4CA78A9-9408-4F5F-ADD6-730FD501FF8E}.Debug|x86.ActiveCfg = Debug|Win32
		{E4CA78A9-9408-4F5F-ADD6-730FD501FF8E}.Debug|x86.Build.0 = Debug|Win32
		{E4CA78A9-9408-4F5F-ADD6-730FD501FF8E}.Release|Any CPU.ActiveCfg = Release|Win32
		{E4CA78A9-9408-4F5F-ADD6-730FD501FF8E}.Release|x64.ActiveCfg = Release|x64
		{E4CA78A9-9408-4F5F-ADD6-730FD501FF8E}.Release|x64.Build.0 = Release|x64
		{E4CA78A9-9408-4F5F-ADD6-730FD501FF8E}.Release|x86.ActiveCfg = Release|Win32
		{E4CA78A9-9408-4F5F-ADD6-730FD501FF8E}.Release|x86.Build.0 = Release|Win32
		{C5587B6E-19C4-4484-AA97-5C20FBB07E43}.Debug|Any CPU.ActiveCfg = Debug|Any CPU
		{C5587B6E-19C4-4484-AA97-5C20FBB07E43}.Debug|Any CPU.Build.0 = Debug|Any CPU
		{C5587B6E-19C4-4484-AA97-5C20FBB07E43}.Debug|x64.ActiveCfg = Debug|Any CPU
		{C5587B6E-19C4-4484-AA97-5C20FBB07E43}.Debug|x64.Build.0 = Debug|Any CPU
		{C5587B6E-19C4-4484-AA97-5C20FBB07E43}.Debug|x86.ActiveCfg = Debug|Any CPU
		{C5587B6E-19C4-4484-AA97-5C20FBB07E43}.Debug|x86.Build.0 = Debug|Any CPU
		{C5587B6E-19C4-4484-AA97-5C20FBB07E43}.Release|Any CPU.ActiveCfg = Release|Any CPU
		{C5587B6E-19C4-4484-AA97-5C20FBB07E43}.Release|Any CPU.Build.0 = Release|Any CPU
		{C5587B6E-19C4-4484-AA97-5C20FBB07E43}.Release|x64.ActiveCfg = Release|Any CPU
		{C5587B6E-19C4-4484-AA97-5C20FBB07E43}.Release|x64.Build.0 = Release|Any CPU
		{C5587B6E-19C4-4484-AA97-5C20FBB07E43}.Release|x86.ActiveCfg = Release|Any CPU
		{C5587B6E-19C4-4484-AA97-5C20FBB07E43}.Release|x86.Build.0 = Release|Any CPU
		{F0288B24-7B84-42A5-9A92-2E16A012E4DE}.Debug|Any CPU.ActiveCfg = Debug|Any CPU
		{F0288B24-7B84-42A5-9A92-2E16A012E4DE}.Debug|Any CPU.Build.0 = Debug|Any CPU
		{F0288B24-7B84-42A5-9A92-2E16A012E4DE}.Debug|x64.ActiveCfg = Debug|Any CPU
		{F0288B24-7B84-42A5-9A92-2E16A012E4DE}.Debug|x64.Build.0 = Debug|Any CPU
		{F0288B24-7B84-42A5-9A92-2E16A012E4DE}.Debug|x86.ActiveCfg = Debug|Any CPU
		{F0288B24-7B84-42A5-9A92-2E16A012E4DE}.Debug|x86.Build.0 = Debug|Any CPU
		{F0288B24-7B84-42A5-9A92-2E16A012E4DE}.Release|Any CPU.ActiveCfg = Release|Any CPU
		{F0288B24-7B84-42A5-9A92-2E16A012E4DE}.Release|Any CPU.Build.0 = Release|Any CPU
		{F0288B24-7B84-42A5-9A92-2E16A012E4DE}.Release|x64.ActiveCfg = Release|Any CPU
		{F0288B24-7B84-42A5-9A92-2E16A012E4DE}.Release|x64.Build.0 = Release|Any CPU
		{F0288B24-7B84-42A5-9A92-2E16A012E4DE}.Release|x86.ActiveCfg = Release|Any CPU
		{F0288B24-7B84-42A5-9A92-2E16A012E4DE}.Release|x86.Build.0 = Release|Any CPU
	EndGlobalSection
	GlobalSection(SolutionProperties) = preSolution
		HideSolutionNode = FALSE
	EndGlobalSection
EndGlobal
